
Microsoft Visual Studio Solution File, Format Version 12.00
# Visual Studio 15
VisualStudioVersion = 15.0.27428.2005
MinimumVisualStudioVersion = 10.0.40219.1
Project("{FAE04EC0-301F-11D3-BF4B-00C04F79EFBC}") = "Morestachio", "Morestachio\Morestachio.csproj", "{4504C65B-A0EC-4601-82EF-D2542414BC86}"
EndProject
Project("{2150E333-8FDC-42A3-9474-1A3956D46DE8}") = ".nuget", ".nuget", "{A77DD285-5579-4D79-BEE3-659AA9C4927C}"
	ProjectSection(SolutionItems) = preProject
		.nuget\NuGet.Config = .nuget\NuGet.Config
		.nuget\NuGet.exe = .nuget\NuGet.exe
		.nuget\NuGet.targets = .nuget\NuGet.targets
	EndProjectSection
EndProject
Project("{FAE04EC0-301F-11D3-BF4B-00C04F79EFBC}") = "Morestachio.Tests", "Morestachio.Tests\Morestachio.Tests.csproj", "{29EB8E0D-5490-4886-857E-31695DE45B1B}"
EndProject
Project("{FAE04EC0-301F-11D3-BF4B-00C04F79EFBC}") = "Morestachio.Formatter.Framework", "Morestachio.Formatter.Framework\Morestachio.Formatter.Framework.csproj", "{454B0162-E2EB-4C15-85EE-0B4558750F7B}"
EndProject
Project("{FAE04EC0-301F-11D3-BF4B-00C04F79EFBC}") = "Morestachio.Formatter.Linq", "Morestachio.Formatter.Linq\Morestachio.Formatter.Linq.csproj", "{18A2D5ED-CE5F-4914-B780-0BC8779501A5}"
EndProject
Project("{FAE04EC0-301F-11D3-BF4B-00C04F79EFBC}") = "Morestachio.Formatter.Framework.Tests", "Morestachio.Formatter.Framework.Tests\Morestachio.Formatter.Framework.Tests.csproj", "{E3BC2585-06DF-49DC-A775-EEC7EFE846FB}"
EndProject
Project("{2150E333-8FDC-42A3-9474-1A3956D46DE8}") = "NetFramework", "NetFramework", "{68C82FD9-2540-48FA-863E-789B6263FCAC}"
EndProject
Project("{2150E333-8FDC-42A3-9474-1A3956D46DE8}") = "Tests", "Tests", "{7DB4A019-26F3-402C-A4D2-34BA19C5C2AA}"
EndProject
Project("{2150E333-8FDC-42A3-9474-1A3956D46DE8}") = "NetCore", "NetCore", "{8D3CDDCA-2D04-4971-8B84-4F6EFEA4F81D}"
EndProject
Project("{2150E333-8FDC-42A3-9474-1A3956D46DE8}") = "2.1", "2.1", "{C3D62B38-990F-4A7D-972F-1F682FB96C54}"
EndProject
Project("{FAE04EC0-301F-11D3-BF4B-00C04F79EFBC}") = "Morestachio.NetCore.2.1", "..\NetCore\mustachio\Morestachio.NetCore.2.1\Morestachio.NetCore.2.1.csproj", "{1C3AB3DA-6749-4807-8703-88C1D90934CB}"
EndProject
Global
	GlobalSection(SolutionConfigurationPlatforms) = preSolution
		Debug|Any CPU = Debug|Any CPU
		Release|Any CPU = Release|Any CPU
	EndGlobalSection
	GlobalSection(ProjectConfigurationPlatforms) = postSolution
		{4504C65B-A0EC-4601-82EF-D2542414BC86}.Debug|Any CPU.ActiveCfg = Debug|Any CPU
		{4504C65B-A0EC-4601-82EF-D2542414BC86}.Debug|Any CPU.Build.0 = Debug|Any CPU
		{4504C65B-A0EC-4601-82EF-D2542414BC86}.Release|Any CPU.ActiveCfg = Release|Any CPU
		{4504C65B-A0EC-4601-82EF-D2542414BC86}.Release|Any CPU.Build.0 = Release|Any CPU
		{29EB8E0D-5490-4886-857E-31695DE45B1B}.Debug|Any CPU.ActiveCfg = Debug|Any CPU
		{29EB8E0D-5490-4886-857E-31695DE45B1B}.Debug|Any CPU.Build.0 = Debug|Any CPU
		{29EB8E0D-5490-4886-857E-31695DE45B1B}.Release|Any CPU.ActiveCfg = Release|Any CPU
		{29EB8E0D-5490-4886-857E-31695DE45B1B}.Release|Any CPU.Build.0 = Release|Any CPU
		{454B0162-E2EB-4C15-85EE-0B4558750F7B}.Debug|Any CPU.ActiveCfg = Debug|Any CPU
		{454B0162-E2EB-4C15-85EE-0B4558750F7B}.Debug|Any CPU.Build.0 = Debug|Any CPU
		{454B0162-E2EB-4C15-85EE-0B4558750F7B}.Release|Any CPU.ActiveCfg = Release|Any CPU
		{454B0162-E2EB-4C15-85EE-0B4558750F7B}.Release|Any CPU.Build.0 = Release|Any CPU
		{18A2D5ED-CE5F-4914-B780-0BC8779501A5}.Debug|Any CPU.ActiveCfg = Debug|Any CPU
		{18A2D5ED-CE5F-4914-B780-0BC8779501A5}.Debug|Any CPU.Build.0 = Debug|Any CPU
		{18A2D5ED-CE5F-4914-B780-0BC8779501A5}.Release|Any CPU.ActiveCfg = Release|Any CPU
		{18A2D5ED-CE5F-4914-B780-0BC8779501A5}.Release|Any CPU.Build.0 = Release|Any CPU
		{E3BC2585-06DF-49DC-A775-EEC7EFE846FB}.Debug|Any CPU.ActiveCfg = Debug|Any CPU
		{E3BC2585-06DF-49DC-A775-EEC7EFE846FB}.Debug|Any CPU.Build.0 = Debug|Any CPU
		{E3BC2585-06DF-49DC-A775-EEC7EFE846FB}.Release|Any CPU.ActiveCfg = Release|Any CPU
		{E3BC2585-06DF-49DC-A775-EEC7EFE846FB}.Release|Any CPU.Build.0 = Release|Any CPU
		{1C3AB3DA-6749-4807-8703-88C1D90934CB}.Debug|Any CPU.ActiveCfg = Debug|Any CPU
		{1C3AB3DA-6749-4807-8703-88C1D90934CB}.Debug|Any CPU.Build.0 = Debug|Any CPU
		{1C3AB3DA-6749-4807-8703-88C1D90934CB}.Release|Any CPU.ActiveCfg = Release|Any CPU
		{1C3AB3DA-6749-4807-8703-88C1D90934CB}.Release|Any CPU.Build.0 = Release|Any CPU
	EndGlobalSection
	GlobalSection(SolutionProperties) = preSolution
		HideSolutionNode = FALSE
	EndGlobalSection
	GlobalSection(NestedProjects) = preSolution
		{4504C65B-A0EC-4601-82EF-D2542414BC86} = {68C82FD9-2540-48FA-863E-789B6263FCAC}
		{29EB8E0D-5490-4886-857E-31695DE45B1B} = {7DB4A019-26F3-402C-A4D2-34BA19C5C2AA}
		{454B0162-E2EB-4C15-85EE-0B4558750F7B} = {68C82FD9-2540-48FA-863E-789B6263FCAC}
		{18A2D5ED-CE5F-4914-B780-0BC8779501A5} = {68C82FD9-2540-48FA-863E-789B6263FCAC}
		{E3BC2585-06DF-49DC-A775-EEC7EFE846FB} = {7DB4A019-26F3-402C-A4D2-34BA19C5C2AA}
		{C3D62B38-990F-4A7D-972F-1F682FB96C54} = {8D3CDDCA-2D04-4971-8B84-4F6EFEA4F81D}
		{1C3AB3DA-6749-4807-8703-88C1D90934CB} = {C3D62B38-990F-4A7D-972F-1F682FB96C54}
	EndGlobalSection
	GlobalSection(ExtensibilityGlobals) = postSolution
		SolutionGuid = {96AB97D9-9D65-41D3-8164-800A5C9CE961}
	EndGlobalSection
EndGlobal
